
Microsoft Visual Studio Solution File, Format Version 12.00
# Visual Studio Version 16
VisualStudioVersion = 25.0.1705.4
MinimumVisualStudioVersion = 10.0.40219.1
Project("{FAE04EC0-301F-11D3-BF4B-00C04F79EFBC}") = "NetcoreApi", "NetcoreApi\NetcoreApi.csproj", "{6738ACA4-4156-4809-A635-82C3340D987B}"
EndProject
Global
	GlobalSection(SolutionConfigurationPlatforms) = preSolution
		Debug|Any CPU = Debug|Any CPU
		Release|Any CPU = Release|Any CPU
	EndGlobalSection
	GlobalSection(ProjectConfigurationPlatforms) = postSolution
		{6738ACA4-4156-4809-A635-82C3340D987B}.Debug|Any CPU.ActiveCfg = Debug|Any CPU
		{6738ACA4-4156-4809-A635-82C3340D987B}.Debug|Any CPU.Build.0 = Debug|Any CPU
		{6738ACA4-4156-4809-A635-82C3340D987B}.Release|Any CPU.ActiveCfg = Release|Any CPU
		{6738ACA4-4156-4809-A635-82C3340D987B}.Release|Any CPU.Build.0 = Release|Any CPU
	EndGlobalSection
	GlobalSection(SolutionProperties) = preSolution
		HideSolutionNode = FALSE
	EndGlobalSection
	GlobalSection(ExtensibilityGlobals) = postSolution
		SolutionGuid = {F0B090F5-6EAB-469A-89F4-42B35F238998}
	EndGlobalSection
EndGlobal
